
Microsoft Visual Studio Solution File, Format Version 12.00
# Visual Studio Version 16
VisualStudioVersion = 16.0.30413.136
MinimumVisualStudioVersion = 10.0.40219.1
Project("{FAE04EC0-301F-11D3-BF4B-00C04F79EFBC}") = "Ejercicio1", "Ejercicio1\Ejercicio1.csproj", "{37F39F58-480C-4E61-9D26-9820BF2591D4}"
EndProject
Global
	GlobalSection(SolutionConfigurationPlatforms) = preSolution
		Debug|Any CPU = Debug|Any CPU
		Release|Any CPU = Release|Any CPU
	EndGlobalSection
	GlobalSection(ProjectConfigurationPlatforms) = postSolution
		{37F39F58-480C-4E61-9D26-9820BF2591D4}.Debug|Any CPU.ActiveCfg = Debug|Any CPU
		{37F39F58-480C-4E61-9D26-9820BF2591D4}.Debug|Any CPU.Build.0 = Debug|Any CPU
		{37F39F58-480C-4E61-9D26-9820BF2591D4}.Release|Any CPU.ActiveCfg = Release|Any CPU
		{37F39F58-480C-4E61-9D26-9820BF2591D4}.Release|Any CPU.Build.0 = Release|Any CPU
	EndGlobalSection
	GlobalSection(SolutionProperties) = preSolution
		HideSolutionNode = FALSE
	EndGlobalSection
	GlobalSection(ExtensibilityGlobals) = postSolution
		SolutionGuid = {66411930-CD5B-4C95-9468-FAB3196FC58D}
	EndGlobalSection
EndGlobal
